
Microsoft Visual Studio Solution File, Format Version 12.00
# Visual Studio Version 17
VisualStudioVersion = 17.11.35327.3
MinimumVisualStudioVersion = 10.0.40219.1
Project("{9A19103F-16F7-4668-BE54-9A1E7A4F7556}") = "Catharsis.Web.Widgets", "Catharsis.Web.Widgets\Catharsis.Web.Widgets.csproj", "{B785694F-1D09-4A30-9ED2-88BE8303C0E2}"
EndProject
Project("{2150E333-8FDC-42A3-9474-1A3956D46DE8}") = "Solution Items", "Solution Items", "{5AD0CD42-08DE-423F-9C91-5D6632B8D7BB}"
EndProject
Project("{9A19103F-16F7-4668-BE54-9A1E7A4F7556}") = "Catharsis.Web.Widgets.Tests", "Catharsis.Web.Widgets.Tests\Catharsis.Web.Widgets.Tests.csproj", "{78FB3A30-B44A-4672-8570-FE3F91D05593}"
EndProject
Global
	GlobalSection(SolutionConfigurationPlatforms) = preSolution
		Debug|Any CPU = Debug|Any CPU
		Release|Any CPU = Release|Any CPU
	EndGlobalSection
	GlobalSection(ProjectConfigurationPlatforms) = postSolution
		{B785694F-1D09-4A30-9ED2-88BE8303C0E2}.Debug|Any CPU.ActiveCfg = Debug|Any CPU
		{B785694F-1D09-4A30-9ED2-88BE8303C0E2}.Debug|Any CPU.Build.0 = Debug|Any CPU
		{B785694F-1D09-4A30-9ED2-88BE8303C0E2}.Release|Any CPU.ActiveCfg = Release|Any CPU
		{B785694F-1D09-4A30-9ED2-88BE8303C0E2}.Release|Any CPU.Build.0 = Release|Any CPU
		{78FB3A30-B44A-4672-8570-FE3F91D05593}.Debug|Any CPU.ActiveCfg = Debug|Any CPU
		{78FB3A30-B44A-4672-8570-FE3F91D05593}.Debug|Any CPU.Build.0 = Debug|Any CPU
		{78FB3A30-B44A-4672-8570-FE3F91D05593}.Release|Any CPU.ActiveCfg = Release|Any CPU
		{78FB3A30-B44A-4672-8570-FE3F91D05593}.Release|Any CPU.Build.0 = Release|Any CPU
	EndGlobalSection
	GlobalSection(SolutionProperties) = preSolution
		HideSolutionNode = FALSE
	EndGlobalSection
	GlobalSection(ExtensibilityGlobals) = postSolution
		SolutionGuid = {86BC0B7D-3957-497F-8675-E31019968AE1}
	EndGlobalSection
EndGlobal
